
Microsoft Visual Studio Solution File, Format Version 12.00
# Visual Studio Version 16
VisualStudioVersion = 16.0.31112.23
MinimumVisualStudioVersion = 10.0.40219.1
Project("{FAE04EC0-301F-11D3-BF4B-00C04F79EFBC}") = "MagnaUruguay", "MagnaUruguay.csproj", "{D08F9EFC-3F37-4944-9FF9-2B2F6C9B3198}"
EndProject
Global
	GlobalSection(SolutionConfigurationPlatforms) = preSolution
		Debug|Any CPU = Debug|Any CPU
		Release|Any CPU = Release|Any CPU
	EndGlobalSection
	GlobalSection(ProjectConfigurationPlatforms) = postSolution
		{D08F9EFC-3F37-4944-9FF9-2B2F6C9B3198}.Debug|Any CPU.ActiveCfg = Debug|Any CPU
		{D08F9EFC-3F37-4944-9FF9-2B2F6C9B3198}.Debug|Any CPU.Build.0 = Debug|Any CPU
		{D08F9EFC-3F37-4944-9FF9-2B2F6C9B3198}.Release|Any CPU.ActiveCfg = Release|Any CPU
		{D08F9EFC-3F37-4944-9FF9-2B2F6C9B3198}.Release|Any CPU.Build.0 = Release|Any CPU
	EndGlobalSection
	GlobalSection(SolutionProperties) = preSolution
		HideSolutionNode = FALSE
	EndGlobalSection
	GlobalSection(ExtensibilityGlobals) = postSolution
		SolutionGuid = {156C202B-52E5-41B5-A73A-0B58A808FC6D}
	EndGlobalSection
EndGlobal
